// !$*UTF8*$!
{
	archiveVersion = 1;
	classes = {
	};
	objectVersion = 56;
	objects = {

/* Begin PBXBuildFile section */
		009151036699462A60591B30 /* TaskCardView.swift in Sources */ = {isa = PBXBuildFile; fileRef = 8F5F2AC82D3DB98CEDA50F83 /* TaskCardView.swift */; };
		00F29E0AD053095E4E528350 /* TodoFilterLogic.swift in Sources */ = {isa = PBXBuildFile; fileRef = 60EFFD5DA8E5DB8F6FA1D4E4 /* TodoFilterLogic.swift */; };
		012EE55DF86078F7AA1C215D /* TrashView.swift in Sources */ = {isa = PBXBuildFile; fileRef = 5BCFD8781A8440030CED4B51 /* TrashView.swift */; };
		079685C50AF7BC361E7852C8 /* CompletedRow.swift in Sources */ = {isa = PBXBuildFile; fileRef = FDDD4C2C922FE265D92859BD /* CompletedRow.swift */; };
		08B13D0249FAB7D22895A3D3 /* TuistBundle+Todoly.swift in Sources */ = {isa = PBXBuildFile; fileRef = DB437356BAE44A2DA9B107FF /* TuistBundle+Todoly.swift */; };
		0E76D5DD8C39A71C716F55EE /* TodoStoreTests.swift in Sources */ = {isa = PBXBuildFile; fileRef = C7265829DF67362B176C2399 /* TodoStoreTests.swift */; };
		138CDA6A830A6EA19D9B380E /* SoftPressStyle.swift in Sources */ = {isa = PBXBuildFile; fileRef = 8092C5CA7C3956D4B4786E16 /* SoftPressStyle.swift */; };
		15D211390EA142DE8DED4DEF /* DayTaskRow.swift in Sources */ = {isa = PBXBuildFile; fileRef = 3503B9DF879DB9C5EB271CC1 /* DayTaskRow.swift */; };
		181B8646D2EC96FB2E521765 /* MainTabView.swift in Sources */ = {isa = PBXBuildFile; fileRef = 5E7F2E80F072E696EFD3B140 /* MainTabView.swift */; };
		19C8E7355BC0DD325B94A4D3 /* NoDueDateTaskRow.swift in Sources */ = {isa = PBXBuildFile; fileRef = DC417C6F0AA697C49A8FACF1 /* NoDueDateTaskRow.swift */; };
		2147602EF20546A29F14C6E7 /* NotificationServiceTests.swift in Sources */ = {isa = PBXBuildFile; fileRef = 83ADBD1B6FCACA06573390C3 /* NotificationServiceTests.swift */; };
		2AA7D26622BD466209F33A77 /* CalendarConstants.swift in Sources */ = {isa = PBXBuildFile; fileRef = BB0AC571C249B706D1F1346D /* CalendarConstants.swift */; };
		2DB648092262592F9894AC07 /* LoginView.swift in Sources */ = {isa = PBXBuildFile; fileRef = 12EF237863AF724B318CE671 /* LoginView.swift */; };
		3330E6958C5906923D5DEB0A /* TodolyWidgetBundle.swift in Sources */ = {isa = PBXBuildFile; fileRef = D145DC5096EDFFA6DC806F84 /* TodolyWidgetBundle.swift */; };
		34828E02FD3D2C874F7F5EB9 /* TodolyAlarmLiveActivity.swift in Sources */ = {isa = PBXBuildFile; fileRef = 792A11DF62C156A613B1747B /* TodolyAlarmLiveActivity.swift */; };
		357F1366A12B62C1D4709CEC /* TodoCategory.swift in Sources */ = {isa = PBXBuildFile; fileRef = 689CD26CEE597860FED56456 /* TodoCategory.swift */; };
		36190E281AA9F82854407453 /* CategoryListView.swift in Sources */ = {isa = PBXBuildFile; fileRef = 9AB00A4A5FF2E8B225CC646F /* CategoryListView.swift */; };
		3F2C004F6BF058CE595F2F99 /* UndoToast.swift in Sources */ = {isa = PBXBuildFile; fileRef = 6640800851977674E3DCE9FC /* UndoToast.swift */; };
		43BFCE24DCB272787E3BF5AD /* MainListView.swift in Sources */ = {isa = PBXBuildFile; fileRef = 9C1C96BA0F550BF5F86D69AD /* MainListView.swift */; };
		488AC9928D684081C8A0753F /* BottomNavBar.swift in Sources */ = {isa = PBXBuildFile; fileRef = 3F8698085785BE5ED12C4C2F /* BottomNavBar.swift */; };
		48AC248ADAA2164A16052AC5 /* TuistAssets+Todoly.swift in Sources */ = {isa = PBXBuildFile; fileRef = F3545B15865A11E769AB8B84 /* TuistAssets+Todoly.swift */; };
		4F828B20D5DC3A08C5CA1ED8 /* AddTaskSheet.swift in Sources */ = {isa = PBXBuildFile; fileRef = FC9F021C40452BE3AE79358F /* AddTaskSheet.swift */; };
		505BED62A2E59D02B5458EFF /* TodoAlarmAttributes.swift in Sources */ = {isa = PBXBuildFile; fileRef = EFF4598EFCE0880B4B35304A /* TodoAlarmAttributes.swift */; };
		54E88ECAF3B2DA413209F154 /* TodoAlarmAttributes.swift in Sources */ = {isa = PBXBuildFile; fileRef = EFF4598EFCE0880B4B35304A /* TodoAlarmAttributes.swift */; };
		5B2CF5377C178030CB426C72 /* AppDelegate.swift in Sources */ = {isa = PBXBuildFile; fileRef = F584E982CDEC2288B8FF39DF /* AppDelegate.swift */; };
		6446CA391D9892CC04C1CEE7 /* CategoryRow.swift in Sources */ = {isa = PBXBuildFile; fileRef = 903C1DA76715ED61C6A3E226 /* CategoryRow.swift */; };
		654821EB83ABE0BE7D15AC20 /* TodoStore.swift in Sources */ = {isa = PBXBuildFile; fileRef = C917A04713E273D9A14CEFF7 /* TodoStore.swift */; };
		6AE5A14BDE0D91A7FAEB0FF4 /* RootView.swift in Sources */ = {isa = PBXBuildFile; fileRef = 463770EA26D9851909D4BE6E /* RootView.swift */; };
		6CB9FD5C063A22BF43D8BF87 /* DateBadgeLogic.swift in Sources */ = {isa = PBXBuildFile; fileRef = CFEDA12C20FBFEF6BD2633C2 /* DateBadgeLogic.swift */; };
		808A33DDAD92420CBCD4B221 /* Priority.swift in Sources */ = {isa = PBXBuildFile; fileRef = 16E9A678F3C6997D5C4E88D4 /* Priority.swift */; };
		889B5D2D87E6993C2BC4E442 /* AppState.swift in Sources */ = {isa = PBXBuildFile; fileRef = 020BEAC40D261823F992BE84 /* AppState.swift */; };
		92B46FE901D65516356E2026 /* TodolyApp.swift in Sources */ = {isa = PBXBuildFile; fileRef = 1C5537FA0BA0E8CB7D0B6177 /* TodolyApp.swift */; };
		94BC6AC6575EC31523254B36 /* CalendarGridView.swift in Sources */ = {isa = PBXBuildFile; fileRef = 2BEA5CAEBBEB6A8DD05D3B57 /* CalendarGridView.swift */; };
		9F91F4743010FA2632574F01 /* Assets.xcassets in Resources */ = {isa = PBXBuildFile; fileRef = B48CC6E0B21DF5375D5F2FF8 /* Assets.xcassets */; };
		9FCCD1F0F12792EFB642224C /* NotificationScheduling.swift in Sources */ = {isa = PBXBuildFile; fileRef = 94AA8FAF8BB0F1E849D384C5 /* NotificationScheduling.swift */; };
		A22B68EE1BFD7A3DC9864C7E /* BadgeStyle.swift in Sources */ = {isa = PBXBuildFile; fileRef = BC6DB711D8D991DD11E91ECE /* BadgeStyle.swift */; };
		A86711034A8AEC4CE6888DEE /* TodoStoring.swift in Sources */ = {isa = PBXBuildFile; fileRef = D5289B48743ED8675C943A61 /* TodoStoring.swift */; };
		A9B3F2235AE974B2C5ECCC5A /* Tab.swift in Sources */ = {isa = PBXBuildFile; fileRef = 30C37C5D6B2E2C88BC0257EE /* Tab.swift */; };
		B493F2938DF8F5AFE1A701F8 /* CalendarHeaderView.swift in Sources */ = {isa = PBXBuildFile; fileRef = BBE1B597F56B384A7FE847D3 /* CalendarHeaderView.swift */; };
		B97FA61A6DF4BE92474D75CC /* SearchView.swift in Sources */ = {isa = PBXBuildFile; fileRef = C2A698BCEFFA288F5508F694 /* SearchView.swift */; };
		BDD7A6DBFE9826336E127F75 /* TodoCheckbox.swift in Sources */ = {isa = PBXBuildFile; fileRef = 8A02532C4BA4A152F40DF9F7 /* TodoCheckbox.swift */; };
		C4C2C55D0E36312A37E94A3D /* SplashView.swift in Sources */ = {isa = PBXBuildFile; fileRef = 6074753772A40B15CA0DB116 /* SplashView.swift */; };
		CC5B8843484C524536D8CE8B /* CategoryAddSheet.swift in Sources */ = {isa = PBXBuildFile; fileRef = FB06AAE605EFCF6033188004 /* CategoryAddSheet.swift */; };
		DA9EF121B28CC7D8325A0E73 /* TodoMutationLogic.swift in Sources */ = {isa = PBXBuildFile; fileRef = 0D1A820115F3D92400323C00 /* TodoMutationLogic.swift */; };
		DDAFF56F98B21B777D0AE3D3 /* CalendarView.swift in Sources */ = {isa = PBXBuildFile; fileRef = 6A196BABDC054C6A876046AB /* CalendarView.swift */; };
		E187DD32788FB207C5B1182A /* TaskDetailView.swift in Sources */ = {isa = PBXBuildFile; fileRef = 0A80C1D5FEDC1DAFB041CE56 /* TaskDetailView.swift */; };
		E2253B07941B8DB0556FF6C0 /* AlarmView.swift in Sources */ = {isa = PBXBuildFile; fileRef = 1BB7A1319DE2608545311502 /* AlarmView.swift */; };
		E2B7003094784BC78808D0CC /* CategoryFilterView.swift in Sources */ = {isa = PBXBuildFile; fileRef = 7721CA1DB257EA56DD568771 /* CategoryFilterView.swift */; };
		EB4CDF1CAE1D6A52BAD37019 /* Date+Badge.swift in Sources */ = {isa = PBXBuildFile; fileRef = 45C01E761D827DD38B967917 /* Date+Badge.swift */; };
		EBC5FAE7AEC8F3234D5533ED /* CustomDatePicker.swift in Sources */ = {isa = PBXBuildFile; fileRef = DBAF7BE42D0129A3536D5B2B /* CustomDatePicker.swift */; };
		EBEDCEC21D42FC3B7CD22F67 /* NotificationService.swift in Sources */ = {isa = PBXBuildFile; fileRef = 6A5C6BD500AD095627637CE3 /* NotificationService.swift */; };
		ED460FB3C39066890118699E /* todoly_alarm.caf in Resources */ = {isa = PBXBuildFile; fileRef = 5F09D8E254F29A37B2F1F84E /* todoly_alarm.caf */; };
		F08BA29193CB9C54A3CAA21C /* Todo.swift in Sources */ = {isa = PBXBuildFile; fileRef = 3EBDCEDB6EF9B478CAD57C5D /* Todo.swift */; };
		F859BDEADCC30BB0934A23DE /* Color+Brand.swift in Sources */ = {isa = PBXBuildFile; fileRef = 166B47DA5E48D40EB7293DF8 /* Color+Brand.swift */; };
		FA47AC4DDD7B1C672240A517 /* CategoryMutationLogic.swift in Sources */ = {isa = PBXBuildFile; fileRef = 334C40107DF1E7291E6B581E /* CategoryMutationLogic.swift */; };
		FBE542D6598275411CF637BE /* TodoAlarmAttributesTests.swift in Sources */ = {isa = PBXBuildFile; fileRef = 9473DBE27C2D581FE297D68A /* TodoAlarmAttributesTests.swift */; };
/* End PBXBuildFile section */

/* Begin PBXContainerItemProxy section */
		094F4BA5587A8DD59808DBF1 /* PBXContainerItemProxy */ = {
			isa = PBXContainerItemProxy;
			containerPortal = F7B0AD73DECCE68416E03BB2 /* Project object */;
			proxyType = 1;
			remoteGlobalIDString = 2108DD7E7DF2FA3B7CAE8967;
			remoteInfo = Todoly;
		};
/* End PBXContainerItemProxy section */

/* Begin PBXCopyFilesBuildPhase section */
		8495492BA6C18739B5792C9B /* Embed Frameworks */ = {
			isa = PBXCopyFilesBuildPhase;
			buildActionMask = 2147483647;
			dstPath = "";
			dstSubfolderSpec = 10;
			files = (
			);
			name = "Embed Frameworks";
			runOnlyForDeploymentPostprocessing = 0;
		};
		8B2582761ECC8E0883619437 /* Embed Frameworks */ = {
			isa = PBXCopyFilesBuildPhase;
			buildActionMask = 2147483647;
			dstPath = "";
			dstSubfolderSpec = 10;
			files = (
			);
			name = "Embed Frameworks";
			runOnlyForDeploymentPostprocessing = 0;
		};
		D3837677E12F11D2EA286663 /* Embed Frameworks */ = {
			isa = PBXCopyFilesBuildPhase;
			buildActionMask = 2147483647;
			dstPath = "";
			dstSubfolderSpec = 10;
			files = (
			);
			name = "Embed Frameworks";
			runOnlyForDeploymentPostprocessing = 0;
		};
/* End PBXCopyFilesBuildPhase section */

/* Begin PBXFileReference section */
		020BEAC40D261823F992BE84 /* AppState.swift */ = {isa = PBXFileReference; lastKnownFileType = sourcecode.swift; path = AppState.swift; sourceTree = "<group>"; };
		054266CBF9DA63AB600B8057 /* TodolyWidget.appex */ = {isa = PBXFileReference; explicitFileType = "wrapper.app-extension"; includeInIndex = 0; path = TodolyWidget.appex; sourceTree = BUILT_PRODUCTS_DIR; };
		0A80C1D5FEDC1DAFB041CE56 /* TaskDetailView.swift */ = {isa = PBXFileReference; lastKnownFileType = sourcecode.swift; path = TaskDetailView.swift; sourceTree = "<group>"; };
		0D1A820115F3D92400323C00 /* TodoMutationLogic.swift */ = {isa = PBXFileReference; lastKnownFileType = sourcecode.swift; path = TodoMutationLogic.swift; sourceTree = "<group>"; };
		12EF237863AF724B318CE671 /* LoginView.swift */ = {isa = PBXFileReference; lastKnownFileType = sourcecode.swift; path = LoginView.swift; sourceTree = "<group>"; };
		166B47DA5E48D40EB7293DF8 /* Color+Brand.swift */ = {isa = PBXFileReference; lastKnownFileType = sourcecode.swift; path = "Color+Brand.swift"; sourceTree = "<group>"; };
		16E9A678F3C6997D5C4E88D4 /* Priority.swift */ = {isa = PBXFileReference; lastKnownFileType = sourcecode.swift; path = Priority.swift; sourceTree = "<group>"; };
		1BB7A1319DE2608545311502 /* AlarmView.swift */ = {isa = PBXFileReference; lastKnownFileType = sourcecode.swift; path = AlarmView.swift; sourceTree = "<group>"; };
		1C5537FA0BA0E8CB7D0B6177 /* TodolyApp.swift */ = {isa = PBXFileReference; lastKnownFileType = sourcecode.swift; path = TodolyApp.swift; sourceTree = "<group>"; };
		2BEA5CAEBBEB6A8DD05D3B57 /* CalendarGridView.swift */ = {isa = PBXFileReference; lastKnownFileType = sourcecode.swift; path = CalendarGridView.swift; sourceTree = "<group>"; };
		30C37C5D6B2E2C88BC0257EE /* Tab.swift */ = {isa = PBXFileReference; lastKnownFileType = sourcecode.swift; path = Tab.swift; sourceTree = "<group>"; };
		334C40107DF1E7291E6B581E /* CategoryMutationLogic.swift */ = {isa = PBXFileReference; lastKnownFileType = sourcecode.swift; path = CategoryMutationLogic.swift; sourceTree = "<group>"; };
		3503B9DF879DB9C5EB271CC1 /* DayTaskRow.swift */ = {isa = PBXFileReference; lastKnownFileType = sourcecode.swift; path = DayTaskRow.swift; sourceTree = "<group>"; };
		3EBDCEDB6EF9B478CAD57C5D /* Todo.swift */ = {isa = PBXFileReference; lastKnownFileType = sourcecode.swift; path = Todo.swift; sourceTree = "<group>"; };
		3F8698085785BE5ED12C4C2F /* BottomNavBar.swift */ = {isa = PBXFileReference; lastKnownFileType = sourcecode.swift; path = BottomNavBar.swift; sourceTree = "<group>"; };
		430B47715E2005B9E861CD27 /* TodolyTests-Info.plist */ = {isa = PBXFileReference; lastKnownFileType = text.plist; path = "TodolyTests-Info.plist"; sourceTree = "<group>"; };
		45C01E761D827DD38B967917 /* Date+Badge.swift */ = {isa = PBXFileReference; lastKnownFileType = sourcecode.swift; path = "Date+Badge.swift"; sourceTree = "<group>"; };
		463770EA26D9851909D4BE6E /* RootView.swift */ = {isa = PBXFileReference; lastKnownFileType = sourcecode.swift; path = RootView.swift; sourceTree = "<group>"; };
		56CC6B6825759CE23C950467 /* TodolyTests.xctest */ = {isa = PBXFileReference; explicitFileType = wrapper.cfbundle; includeInIndex = 0; path = TodolyTests.xctest; sourceTree = BUILT_PRODUCTS_DIR; };
		5BCFD8781A8440030CED4B51 /* TrashView.swift */ = {isa = PBXFileReference; lastKnownFileType = sourcecode.swift; path = TrashView.swift; sourceTree = "<group>"; };
		5E7F2E80F072E696EFD3B140 /* MainTabView.swift */ = {isa = PBXFileReference; lastKnownFileType = sourcecode.swift; path = MainTabView.swift; sourceTree = "<group>"; };
		5F09D8E254F29A37B2F1F84E /* todoly_alarm.caf */ = {isa = PBXFileReference; lastKnownFileType = file; path = todoly_alarm.caf; sourceTree = "<group>"; };
		6074753772A40B15CA0DB116 /* SplashView.swift */ = {isa = PBXFileReference; lastKnownFileType = sourcecode.swift; path = SplashView.swift; sourceTree = "<group>"; };
		60EFFD5DA8E5DB8F6FA1D4E4 /* TodoFilterLogic.swift */ = {isa = PBXFileReference; lastKnownFileType = sourcecode.swift; path = TodoFilterLogic.swift; sourceTree = "<group>"; };
		6640800851977674E3DCE9FC /* UndoToast.swift */ = {isa = PBXFileReference; lastKnownFileType = sourcecode.swift; path = UndoToast.swift; sourceTree = "<group>"; };
		689CD26CEE597860FED56456 /* TodoCategory.swift */ = {isa = PBXFileReference; lastKnownFileType = sourcecode.swift; path = TodoCategory.swift; sourceTree = "<group>"; };
		6A196BABDC054C6A876046AB /* CalendarView.swift */ = {isa = PBXFileReference; lastKnownFileType = sourcecode.swift; path = CalendarView.swift; sourceTree = "<group>"; };
		6A5C6BD500AD095627637CE3 /* NotificationService.swift */ = {isa = PBXFileReference; lastKnownFileType = sourcecode.swift; path = NotificationService.swift; sourceTree = "<group>"; };
		7721CA1DB257EA56DD568771 /* CategoryFilterView.swift */ = {isa = PBXFileReference; lastKnownFileType = sourcecode.swift; path = CategoryFilterView.swift; sourceTree = "<group>"; };
		792A11DF62C156A613B1747B /* TodolyAlarmLiveActivity.swift */ = {isa = PBXFileReference; lastKnownFileType = sourcecode.swift; path = TodolyAlarmLiveActivity.swift; sourceTree = "<group>"; };
		8092C5CA7C3956D4B4786E16 /* SoftPressStyle.swift */ = {isa = PBXFileReference; lastKnownFileType = sourcecode.swift; path = SoftPressStyle.swift; sourceTree = "<group>"; };
		83ADBD1B6FCACA06573390C3 /* NotificationServiceTests.swift */ = {isa = PBXFileReference; lastKnownFileType = sourcecode.swift; path = NotificationServiceTests.swift; sourceTree = "<group>"; };
		874CD96DB921191F9F05C47B /* TodolyWidget-Info.plist */ = {isa = PBXFileReference; lastKnownFileType = text.plist; path = "TodolyWidget-Info.plist"; sourceTree = "<group>"; };
		8A02532C4BA4A152F40DF9F7 /* TodoCheckbox.swift */ = {isa = PBXFileReference; lastKnownFileType = sourcecode.swift; path = TodoCheckbox.swift; sourceTree = "<group>"; };
		8F5F2AC82D3DB98CEDA50F83 /* TaskCardView.swift */ = {isa = PBXFileReference; lastKnownFileType = sourcecode.swift; path = TaskCardView.swift; sourceTree = "<group>"; };
		903C1DA76715ED61C6A3E226 /* CategoryRow.swift */ = {isa = PBXFileReference; lastKnownFileType = sourcecode.swift; path = CategoryRow.swift; sourceTree = "<group>"; };
		9473DBE27C2D581FE297D68A /* TodoAlarmAttributesTests.swift */ = {isa = PBXFileReference; lastKnownFileType = sourcecode.swift; path = TodoAlarmAttributesTests.swift; sourceTree = "<group>"; };
		94AA8FAF8BB0F1E849D384C5 /* NotificationScheduling.swift */ = {isa = PBXFileReference; lastKnownFileType = sourcecode.swift; path = NotificationScheduling.swift; sourceTree = "<group>"; };
		9AB00A4A5FF2E8B225CC646F /* CategoryListView.swift */ = {isa = PBXFileReference; lastKnownFileType = sourcecode.swift; path = CategoryListView.swift; sourceTree = "<group>"; };
		9BBC7E9A93CA98F9B0A4058F /* Todoly-Info.plist */ = {isa = PBXFileReference; lastKnownFileType = text.plist; path = "Todoly-Info.plist"; sourceTree = "<group>"; };
		9C1C96BA0F550BF5F86D69AD /* MainListView.swift */ = {isa = PBXFileReference; lastKnownFileType = sourcecode.swift; path = MainListView.swift; sourceTree = "<group>"; };
		B48CC6E0B21DF5375D5F2FF8 /* Assets.xcassets */ = {isa = PBXFileReference; lastKnownFileType = folder.assetcatalog; path = Assets.xcassets; sourceTree = "<group>"; };
		BB0AC571C249B706D1F1346D /* CalendarConstants.swift */ = {isa = PBXFileReference; lastKnownFileType = sourcecode.swift; path = CalendarConstants.swift; sourceTree = "<group>"; };
		BBE1B597F56B384A7FE847D3 /* CalendarHeaderView.swift */ = {isa = PBXFileReference; lastKnownFileType = sourcecode.swift; path = CalendarHeaderView.swift; sourceTree = "<group>"; };
		BC6DB711D8D991DD11E91ECE /* BadgeStyle.swift */ = {isa = PBXFileReference; lastKnownFileType = sourcecode.swift; path = BadgeStyle.swift; sourceTree = "<group>"; };
		C2A698BCEFFA288F5508F694 /* SearchView.swift */ = {isa = PBXFileReference; lastKnownFileType = sourcecode.swift; path = SearchView.swift; sourceTree = "<group>"; };
		C7265829DF67362B176C2399 /* TodoStoreTests.swift */ = {isa = PBXFileReference; lastKnownFileType = sourcecode.swift; path = TodoStoreTests.swift; sourceTree = "<group>"; };
		C917A04713E273D9A14CEFF7 /* TodoStore.swift */ = {isa = PBXFileReference; lastKnownFileType = sourcecode.swift; path = TodoStore.swift; sourceTree = "<group>"; };
		CFEDA12C20FBFEF6BD2633C2 /* DateBadgeLogic.swift */ = {isa = PBXFileReference; lastKnownFileType = sourcecode.swift; path = DateBadgeLogic.swift; sourceTree = "<group>"; };
		D145DC5096EDFFA6DC806F84 /* TodolyWidgetBundle.swift */ = {isa = PBXFileReference; lastKnownFileType = sourcecode.swift; path = TodolyWidgetBundle.swift; sourceTree = "<group>"; };
		D5289B48743ED8675C943A61 /* TodoStoring.swift */ = {isa = PBXFileReference; lastKnownFileType = sourcecode.swift; path = TodoStoring.swift; sourceTree = "<group>"; };
		DB437356BAE44A2DA9B107FF /* TuistBundle+Todoly.swift */ = {isa = PBXFileReference; lastKnownFileType = sourcecode.swift; path = "TuistBundle+Todoly.swift"; sourceTree = "<group>"; };
		DBAF7BE42D0129A3536D5B2B /* CustomDatePicker.swift */ = {isa = PBXFileReference; lastKnownFileType = sourcecode.swift; path = CustomDatePicker.swift; sourceTree = "<group>"; };
		DC417C6F0AA697C49A8FACF1 /* NoDueDateTaskRow.swift */ = {isa = PBXFileReference; lastKnownFileType = sourcecode.swift; path = NoDueDateTaskRow.swift; sourceTree = "<group>"; };
		EFF4598EFCE0880B4B35304A /* TodoAlarmAttributes.swift */ = {isa = PBXFileReference; lastKnownFileType = sourcecode.swift; path = TodoAlarmAttributes.swift; sourceTree = "<group>"; };
		F2EF4C1A783A522E5F846ACA /* Todoly.app */ = {isa = PBXFileReference; explicitFileType = wrapper.application; includeInIndex = 0; path = Todoly.app; sourceTree = BUILT_PRODUCTS_DIR; };
		F3545B15865A11E769AB8B84 /* TuistAssets+Todoly.swift */ = {isa = PBXFileReference; lastKnownFileType = sourcecode.swift; path = "TuistAssets+Todoly.swift"; sourceTree = "<group>"; };
		F584E982CDEC2288B8FF39DF /* AppDelegate.swift */ = {isa = PBXFileReference; lastKnownFileType = sourcecode.swift; path = AppDelegate.swift; sourceTree = "<group>"; };
		FB06AAE605EFCF6033188004 /* CategoryAddSheet.swift */ = {isa = PBXFileReference; lastKnownFileType = sourcecode.swift; path = CategoryAddSheet.swift; sourceTree = "<group>"; };
		FC9F021C40452BE3AE79358F /* AddTaskSheet.swift */ = {isa = PBXFileReference; lastKnownFileType = sourcecode.swift; path = AddTaskSheet.swift; sourceTree = "<group>"; };
		FDDD4C2C922FE265D92859BD /* CompletedRow.swift */ = {isa = PBXFileReference; lastKnownFileType = sourcecode.swift; path = CompletedRow.swift; sourceTree = "<group>"; };
/* End PBXFileReference section */

/* Begin PBXFrameworksBuildPhase section */
		0B871EE63347808467E9CE06 /* Frameworks */ = {
			isa = PBXFrameworksBuildPhase;
			buildActionMask = 2147483647;
			files = (
			);
			runOnlyForDeploymentPostprocessing = 0;
		};
		8E864D91D28AEB3A0FA1E85F /* Frameworks */ = {
			isa = PBXFrameworksBuildPhase;
			buildActionMask = 2147483647;
			files = (
			);
			runOnlyForDeploymentPostprocessing = 0;
		};
		D70D69DC655026491655BDE5 /* Frameworks */ = {
			isa = PBXFrameworksBuildPhase;
			buildActionMask = 2147483647;
			files = (
			);
			runOnlyForDeploymentPostprocessing = 0;
		};
/* End PBXFrameworksBuildPhase section */

/* Begin PBXGroup section */
		00BF4EF91BBA05D0927D5C3B /* Domain */ = {
			isa = PBXGroup;
			children = (
				8792E9B2C61E81140227F018 /* Logic */,
				F53836AECEC0E7603E1816DD /* Models */,
				1683DF395665A23C9755094E /* Protocols */,
			);
			path = Domain;
			sourceTree = "<group>";
		};
		13822DA4BC212CE4719FED27 /* InfoPlists */ = {
			isa = PBXGroup;
			children = (
				9BBC7E9A93CA98F9B0A4058F /* Todoly-Info.plist */,
				430B47715E2005B9E861CD27 /* TodolyTests-Info.plist */,
				874CD96DB921191F9F05C47B /* TodolyWidget-Info.plist */,
			);
			path = InfoPlists;
			sourceTree = "<group>";
		};
		1683DF395665A23C9755094E /* Protocols */ = {
			isa = PBXGroup;
			children = (
				94AA8FAF8BB0F1E849D384C5 /* NotificationScheduling.swift */,
				D5289B48743ED8675C943A61 /* TodoStoring.swift */,
			);
			path = Protocols;
			sourceTree = "<group>";
		};
		1877725B358ED353B24C8933 /* Products */ = {
			isa = PBXGroup;
			children = (
				F2EF4C1A783A522E5F846ACA /* Todoly.app */,
				56CC6B6825759CE23C950467 /* TodolyTests.xctest */,
				054266CBF9DA63AB600B8057 /* TodolyWidget.appex */,
			);
			name = Products;
			sourceTree = "<group>";
		};
		1CC3A4013056FF9B200677E8 /* TaskList */ = {
			isa = PBXGroup;
			children = (
				FDDD4C2C922FE265D92859BD /* CompletedRow.swift */,
				9C1C96BA0F550BF5F86D69AD /* MainListView.swift */,
				8F5F2AC82D3DB98CEDA50F83 /* TaskCardView.swift */,
			);
			path = TaskList;
			sourceTree = "<group>";
		};
		362BF96D0781216DB6465BC9 /* Todoly */ = {
			isa = PBXGroup;
			children = (
				4B157344A03ECD301422E845 /* App */,
				AA7B376661B7B03F089C327B /* Core */,
				BD0BA23139665ABC89CA794F /* Data */,
				00BF4EF91BBA05D0927D5C3B /* Domain */,
				77F572CA7C72361A91EB01E9 /* Features */,
				B48CC6E0B21DF5375D5F2FF8 /* Assets.xcassets */,
				5F09D8E254F29A37B2F1F84E /* todoly_alarm.caf */,
			);
			path = Todoly;
			sourceTree = "<group>";
		};
		421FBA6EBC74D7726C456FEA /* Frameworks */ = {
			isa = PBXGroup;
			children = (
			);
			name = Frameworks;
			sourceTree = "<group>";
		};
		455D1A7929B146E0A77D7AEA /* Auth */ = {
			isa = PBXGroup;
			children = (
				12EF237863AF724B318CE671 /* LoginView.swift */,
			);
			path = Auth;
			sourceTree = "<group>";
		};
		4801AD553286FFA6B2437BE5 /* Calendar */ = {
			isa = PBXGroup;
			children = (
				BB0AC571C249B706D1F1346D /* CalendarConstants.swift */,
				2BEA5CAEBBEB6A8DD05D3B57 /* CalendarGridView.swift */,
				BBE1B597F56B384A7FE847D3 /* CalendarHeaderView.swift */,
				6A196BABDC054C6A876046AB /* CalendarView.swift */,
				DBAF7BE42D0129A3536D5B2B /* CustomDatePicker.swift */,
				3503B9DF879DB9C5EB271CC1 /* DayTaskRow.swift */,
				DC417C6F0AA697C49A8FACF1 /* NoDueDateTaskRow.swift */,
			);
			path = Calendar;
			sourceTree = "<group>";
		};
		4B157344A03ECD301422E845 /* App */ = {
			isa = PBXGroup;
			children = (
				F584E982CDEC2288B8FF39DF /* AppDelegate.swift */,
				020BEAC40D261823F992BE84 /* AppState.swift */,
				463770EA26D9851909D4BE6E /* RootView.swift */,
				1C5537FA0BA0E8CB7D0B6177 /* TodolyApp.swift */,
			);
			path = App;
			sourceTree = "<group>";
		};
		6E571EF18BEF545E5908A52A /* Search */ = {
			isa = PBXGroup;
			children = (
				C2A698BCEFFA288F5508F694 /* SearchView.swift */,
			);
			path = Search;
			sourceTree = "<group>";
		};
		77F572CA7C72361A91EB01E9 /* Features */ = {
			isa = PBXGroup;
			children = (
				C813CE08CE00A0E453174C02 /* Alarm */,
				455D1A7929B146E0A77D7AEA /* Auth */,
				4801AD553286FFA6B2437BE5 /* Calendar */,
				BDC8BB2BF6698297A69F7405 /* Category */,
				6E571EF18BEF545E5908A52A /* Search */,
				C8FD93E96D7471027D5BCDBA /* Splash */,
				F641325848B8B6C8FAF77CDD /* Tab */,
				97B69178FBF6C6B96DAD3799 /* TaskDetail */,
				1CC3A4013056FF9B200677E8 /* TaskList */,
				B4DBE0EBC767D9F6723F38DC /* Trash */,
			);
			path = Features;
			sourceTree = "<group>";
		};
		8792E9B2C61E81140227F018 /* Logic */ = {
			isa = PBXGroup;
			children = (
				334C40107DF1E7291E6B581E /* CategoryMutationLogic.swift */,
				CFEDA12C20FBFEF6BD2633C2 /* DateBadgeLogic.swift */,
				60EFFD5DA8E5DB8F6FA1D4E4 /* TodoFilterLogic.swift */,
				0D1A820115F3D92400323C00 /* TodoMutationLogic.swift */,
			);
			path = Logic;
			sourceTree = "<group>";
		};
		8EFD5A619CF5224C9D00E564 /* TodolyTests */ = {
			isa = PBXGroup;
			children = (
				83ADBD1B6FCACA06573390C3 /* NotificationServiceTests.swift */,
				9473DBE27C2D581FE297D68A /* TodoAlarmAttributesTests.swift */,
				C7265829DF67362B176C2399 /* TodoStoreTests.swift */,
			);
			path = TodolyTests;
			sourceTree = "<group>";
		};
		97B69178FBF6C6B96DAD3799 /* TaskDetail */ = {
			isa = PBXGroup;
			children = (
				FC9F021C40452BE3AE79358F /* AddTaskSheet.swift */,
				0A80C1D5FEDC1DAFB041CE56 /* TaskDetailView.swift */,
			);
			path = TaskDetail;
			sourceTree = "<group>";
		};
		9B88D449CA7FA985848EB241 /* Services */ = {
			isa = PBXGroup;
			children = (
				6A5C6BD500AD095627637CE3 /* NotificationService.swift */,
			);
			path = Services;
			sourceTree = "<group>";
		};
		A9EEC6CE502D2F5E5BD4AF19 /* Derived */ = {
			isa = PBXGroup;
			children = (
				13822DA4BC212CE4719FED27 /* InfoPlists */,
				CE262DC40BE5F16536269E6C /* Sources */,
			);
			path = Derived;
			sourceTree = "<group>";
		};
		AA7B376661B7B03F089C327B /* Core */ = {
			isa = PBXGroup;
			children = (
				F7E3D5C482CCA817332CB22D /* Components */,
				D86A2B9BDE2599BEF50366F6 /* Extensions */,
			);
			path = Core;
			sourceTree = "<group>";
		};
		ACCA02AE251371C1572980FF /* Store */ = {
			isa = PBXGroup;
			children = (
				C917A04713E273D9A14CEFF7 /* TodoStore.swift */,
			);
			path = Store;
			sourceTree = "<group>";
		};
		B4DBE0EBC767D9F6723F38DC /* Trash */ = {
			isa = PBXGroup;
			children = (
				5BCFD8781A8440030CED4B51 /* TrashView.swift */,
			);
			path = Trash;
			sourceTree = "<group>";
		};
		B6A23DC97A11A7D495E54143 /* TodolyWidget */ = {
			isa = PBXGroup;
			children = (
				792A11DF62C156A613B1747B /* TodolyAlarmLiveActivity.swift */,
				D145DC5096EDFFA6DC806F84 /* TodolyWidgetBundle.swift */,
			);
			path = TodolyWidget;
			sourceTree = "<group>";
		};
		BD0BA23139665ABC89CA794F /* Data */ = {
			isa = PBXGroup;
			children = (
				9B88D449CA7FA985848EB241 /* Services */,
				ACCA02AE251371C1572980FF /* Store */,
			);
			path = Data;
			sourceTree = "<group>";
		};
		BDC8BB2BF6698297A69F7405 /* Category */ = {
			isa = PBXGroup;
			children = (
				FB06AAE605EFCF6033188004 /* CategoryAddSheet.swift */,
				7721CA1DB257EA56DD568771 /* CategoryFilterView.swift */,
				9AB00A4A5FF2E8B225CC646F /* CategoryListView.swift */,
				903C1DA76715ED61C6A3E226 /* CategoryRow.swift */,
			);
			path = Category;
			sourceTree = "<group>";
		};
		C1C5B995709ECC83C1D40DED /* Project */ = {
			isa = PBXGroup;
			children = (
				A9EEC6CE502D2F5E5BD4AF19 /* Derived */,
				362BF96D0781216DB6465BC9 /* Todoly */,
				8EFD5A619CF5224C9D00E564 /* TodolyTests */,
				B6A23DC97A11A7D495E54143 /* TodolyWidget */,
			);
			name = Project;
			sourceTree = "<group>";
		};
		C813CE08CE00A0E453174C02 /* Alarm */ = {
			isa = PBXGroup;
			children = (
				1BB7A1319DE2608545311502 /* AlarmView.swift */,
			);
			path = Alarm;
			sourceTree = "<group>";
		};
		C8FD93E96D7471027D5BCDBA /* Splash */ = {
			isa = PBXGroup;
			children = (
				6074753772A40B15CA0DB116 /* SplashView.swift */,
			);
			path = Splash;
			sourceTree = "<group>";
		};
		CE262DC40BE5F16536269E6C /* Sources */ = {
			isa = PBXGroup;
			children = (
				F3545B15865A11E769AB8B84 /* TuistAssets+Todoly.swift */,
				DB437356BAE44A2DA9B107FF /* TuistBundle+Todoly.swift */,
			);
			path = Sources;
			sourceTree = "<group>";
		};
		D86A2B9BDE2599BEF50366F6 /* Extensions */ = {
			isa = PBXGroup;
			children = (
				166B47DA5E48D40EB7293DF8 /* Color+Brand.swift */,
				45C01E761D827DD38B967917 /* Date+Badge.swift */,
			);
			path = Extensions;
			sourceTree = "<group>";
		};
		DCF43C67861B8A7BB89C747F = {
			isa = PBXGroup;
			children = (
				C1C5B995709ECC83C1D40DED /* Project */,
				421FBA6EBC74D7726C456FEA /* Frameworks */,
				1877725B358ED353B24C8933 /* Products */,
			);
			sourceTree = "<group>";
		};
		F53836AECEC0E7603E1816DD /* Models */ = {
			isa = PBXGroup;
			children = (
				BC6DB711D8D991DD11E91ECE /* BadgeStyle.swift */,
				16E9A678F3C6997D5C4E88D4 /* Priority.swift */,
				3EBDCEDB6EF9B478CAD57C5D /* Todo.swift */,
				EFF4598EFCE0880B4B35304A /* TodoAlarmAttributes.swift */,
				689CD26CEE597860FED56456 /* TodoCategory.swift */,
			);
			path = Models;
			sourceTree = "<group>";
		};
		F641325848B8B6C8FAF77CDD /* Tab */ = {
			isa = PBXGroup;
			children = (
				3F8698085785BE5ED12C4C2F /* BottomNavBar.swift */,
				5E7F2E80F072E696EFD3B140 /* MainTabView.swift */,
				30C37C5D6B2E2C88BC0257EE /* Tab.swift */,
			);
			path = Tab;
			sourceTree = "<group>";
		};
		F7E3D5C482CCA817332CB22D /* Components */ = {
			isa = PBXGroup;
			children = (
				8092C5CA7C3956D4B4786E16 /* SoftPressStyle.swift */,
				8A02532C4BA4A152F40DF9F7 /* TodoCheckbox.swift */,
				6640800851977674E3DCE9FC /* UndoToast.swift */,
			);
			path = Components;
			sourceTree = "<group>";
		};
/* End PBXGroup section */

/* Begin PBXNativeTarget section */
		05DEDB08E13F63415109F498 /* TodolyWidget */ = {
			isa = PBXNativeTarget;
			buildConfigurationList = 325B7AEB36B74C647C76BC71 /* Build configuration list for PBXNativeTarget "TodolyWidget" */;
			buildPhases = (
				80881CE60E755D26BF5E664B /* Sources */,
				C813131BF31D3654C7F05CBB /* Resources */,
				8B2582761ECC8E0883619437 /* Embed Frameworks */,
				0B871EE63347808467E9CE06 /* Frameworks */,
			);
			buildRules = (
			);
			dependencies = (
			);
			name = TodolyWidget;
			productName = TodolyWidget;
			productReference = 054266CBF9DA63AB600B8057 /* TodolyWidget.appex */;
			productType = "com.apple.product-type.app-extension";
		};
		2108DD7E7DF2FA3B7CAE8967 /* Todoly */ = {
			isa = PBXNativeTarget;
			buildConfigurationList = 754FAF1CDC447ABFD9B74099 /* Build configuration list for PBXNativeTarget "Todoly" */;
			buildPhases = (
				3C81345225810B20BE121E70 /* Sources */,
				8AEB3F1B33D5EA8BDB08A165 /* Resources */,
				D3837677E12F11D2EA286663 /* Embed Frameworks */,
				8E864D91D28AEB3A0FA1E85F /* Frameworks */,
			);
			buildRules = (
			);
			dependencies = (
			);
			name = Todoly;
			productName = Todoly;
			productReference = F2EF4C1A783A522E5F846ACA /* Todoly.app */;
			productType = "com.apple.product-type.application";
		};
		CDF588C8BC4D944A26F7D486 /* TodolyTests */ = {
			isa = PBXNativeTarget;
			buildConfigurationList = 1A2A7A254197B7A7893DB6E2 /* Build configuration list for PBXNativeTarget "TodolyTests" */;
			buildPhases = (
				2B3B6C46DAC3E21484AC92EE /* Sources */,
				CFC76464B22DDC75231B2899 /* Resources */,
				8495492BA6C18739B5792C9B /* Embed Frameworks */,
				D70D69DC655026491655BDE5 /* Frameworks */,
			);
			buildRules = (
			);
			dependencies = (
				12FF026E8EC5EBF5362B30CC /* PBXTargetDependency */,
			);
			name = TodolyTests;
			productName = TodolyTests;
			productReference = 56CC6B6825759CE23C950467 /* TodolyTests.xctest */;
			productType = "com.apple.product-type.bundle.unit-test";
		};
/* End PBXNativeTarget section */

/* Begin PBXProject section */
		F7B0AD73DECCE68416E03BB2 /* Project object */ = {
			isa = PBXProject;
			attributes = {
				BuildIndependentTargetsInParallel = YES;
				TargetAttributes = {
					CDF588C8BC4D944A26F7D486 = {
						TestTargetID = 2108DD7E7DF2FA3B7CAE8967;
					};
				};
			};
			buildConfigurationList = F514DF48B0BC27C2483520ED /* Build configuration list for PBXProject "Todoly" */;
			compatibilityVersion = "Xcode 14.0";
			developmentRegion = ko;
			hasScannedForEncodings = 0;
			knownRegions = (
				en,
				ko,
			);
			mainGroup = DCF43C67861B8A7BB89C747F;
			productRefGroup = 1877725B358ED353B24C8933 /* Products */;
			projectDirPath = "";
			projectRoot = "";
			targets = (
				2108DD7E7DF2FA3B7CAE8967 /* Todoly */,
				CDF588C8BC4D944A26F7D486 /* TodolyTests */,
				05DEDB08E13F63415109F498 /* TodolyWidget */,
			);
		};
/* End PBXProject section */

/* Begin PBXResourcesBuildPhase section */
		8AEB3F1B33D5EA8BDB08A165 /* Resources */ = {
			isa = PBXResourcesBuildPhase;
			buildActionMask = 2147483647;
			files = (
				9F91F4743010FA2632574F01 /* Assets.xcassets in Resources */,
				ED460FB3C39066890118699E /* todoly_alarm.caf in Resources */,
			);
			runOnlyForDeploymentPostprocessing = 0;
		};
		C813131BF31D3654C7F05CBB /* Resources */ = {
			isa = PBXResourcesBuildPhase;
			buildActionMask = 2147483647;
			files = (
			);
			runOnlyForDeploymentPostprocessing = 0;
		};
		CFC76464B22DDC75231B2899 /* Resources */ = {
			isa = PBXResourcesBuildPhase;
			buildActionMask = 2147483647;
			files = (
			);
			runOnlyForDeploymentPostprocessing = 0;
		};
/* End PBXResourcesBuildPhase section */

/* Begin PBXSourcesBuildPhase section */
		2B3B6C46DAC3E21484AC92EE /* Sources */ = {
			isa = PBXSourcesBuildPhase;
			buildActionMask = 2147483647;
			files = (
				2147602EF20546A29F14C6E7 /* NotificationServiceTests.swift in Sources */,
				FBE542D6598275411CF637BE /* TodoAlarmAttributesTests.swift in Sources */,
				0E76D5DD8C39A71C716F55EE /* TodoStoreTests.swift in Sources */,
			);
			runOnlyForDeploymentPostprocessing = 0;
		};
		3C81345225810B20BE121E70 /* Sources */ = {
			isa = PBXSourcesBuildPhase;
			buildActionMask = 2147483647;
			files = (
				48AC248ADAA2164A16052AC5 /* TuistAssets+Todoly.swift in Sources */,
				08B13D0249FAB7D22895A3D3 /* TuistBundle+Todoly.swift in Sources */,
				5B2CF5377C178030CB426C72 /* AppDelegate.swift in Sources */,
				889B5D2D87E6993C2BC4E442 /* AppState.swift in Sources */,
				6AE5A14BDE0D91A7FAEB0FF4 /* RootView.swift in Sources */,
				92B46FE901D65516356E2026 /* TodolyApp.swift in Sources */,
				138CDA6A830A6EA19D9B380E /* SoftPressStyle.swift in Sources */,
				BDD7A6DBFE9826336E127F75 /* TodoCheckbox.swift in Sources */,
				3F2C004F6BF058CE595F2F99 /* UndoToast.swift in Sources */,
				F859BDEADCC30BB0934A23DE /* Color+Brand.swift in Sources */,
				EB4CDF1CAE1D6A52BAD37019 /* Date+Badge.swift in Sources */,
				EBEDCEC21D42FC3B7CD22F67 /* NotificationService.swift in Sources */,
				654821EB83ABE0BE7D15AC20 /* TodoStore.swift in Sources */,
				FA47AC4DDD7B1C672240A517 /* CategoryMutationLogic.swift in Sources */,
				6CB9FD5C063A22BF43D8BF87 /* DateBadgeLogic.swift in Sources */,
				00F29E0AD053095E4E528350 /* TodoFilterLogic.swift in Sources */,
				DA9EF121B28CC7D8325A0E73 /* TodoMutationLogic.swift in Sources */,
				A22B68EE1BFD7A3DC9864C7E /* BadgeStyle.swift in Sources */,
				808A33DDAD92420CBCD4B221 /* Priority.swift in Sources */,
				F08BA29193CB9C54A3CAA21C /* Todo.swift in Sources */,
				54E88ECAF3B2DA413209F154 /* TodoAlarmAttributes.swift in Sources */,
				357F1366A12B62C1D4709CEC /* TodoCategory.swift in Sources */,
				9FCCD1F0F12792EFB642224C /* NotificationScheduling.swift in Sources */,
				A86711034A8AEC4CE6888DEE /* TodoStoring.swift in Sources */,
				E2253B07941B8DB0556FF6C0 /* AlarmView.swift in Sources */,
				2DB648092262592F9894AC07 /* LoginView.swift in Sources */,
				2AA7D26622BD466209F33A77 /* CalendarConstants.swift in Sources */,
				94BC6AC6575EC31523254B36 /* CalendarGridView.swift in Sources */,
				B493F2938DF8F5AFE1A701F8 /* CalendarHeaderView.swift in Sources */,
				DDAFF56F98B21B777D0AE3D3 /* CalendarView.swift in Sources */,
				EBC5FAE7AEC8F3234D5533ED /* CustomDatePicker.swift in Sources */,
				15D211390EA142DE8DED4DEF /* DayTaskRow.swift in Sources */,
				19C8E7355BC0DD325B94A4D3 /* NoDueDateTaskRow.swift in Sources */,
				CC5B8843484C524536D8CE8B /* CategoryAddSheet.swift in Sources */,
				E2B7003094784BC78808D0CC /* CategoryFilterView.swift in Sources */,
				36190E281AA9F82854407453 /* CategoryListView.swift in Sources */,
				6446CA391D9892CC04C1CEE7 /* CategoryRow.swift in Sources */,
				B97FA61A6DF4BE92474D75CC /* SearchView.swift in Sources */,
				C4C2C55D0E36312A37E94A3D /* SplashView.swift in Sources */,
				488AC9928D684081C8A0753F /* BottomNavBar.swift in Sources */,
				181B8646D2EC96FB2E521765 /* MainTabView.swift in Sources */,
				A9B3F2235AE974B2C5ECCC5A /* Tab.swift in Sources */,
				4F828B20D5DC3A08C5CA1ED8 /* AddTaskSheet.swift in Sources */,
				E187DD32788FB207C5B1182A /* TaskDetailView.swift in Sources */,
				079685C50AF7BC361E7852C8 /* CompletedRow.swift in Sources */,
				43BFCE24DCB272787E3BF5AD /* MainListView.swift in Sources */,
				009151036699462A60591B30 /* TaskCardView.swift in Sources */,
				012EE55DF86078F7AA1C215D /* TrashView.swift in Sources */,
			);
			runOnlyForDeploymentPostprocessing = 0;
		};
		80881CE60E755D26BF5E664B /* Sources */ = {
			isa = PBXSourcesBuildPhase;
			buildActionMask = 2147483647;
			files = (
				505BED62A2E59D02B5458EFF /* TodoAlarmAttributes.swift in Sources */,
				34828E02FD3D2C874F7F5EB9 /* TodolyAlarmLiveActivity.swift in Sources */,
				3330E6958C5906923D5DEB0A /* TodolyWidgetBundle.swift in Sources */,
			);
			runOnlyForDeploymentPostprocessing = 0;
		};
/* End PBXSourcesBuildPhase section */

/* Begin PBXTargetDependency section */
		12FF026E8EC5EBF5362B30CC /* PBXTargetDependency */ = {
			isa = PBXTargetDependency;
			name = Todoly;
			target = 2108DD7E7DF2FA3B7CAE8967 /* Todoly */;
			targetProxy = 094F4BA5587A8DD59808DBF1 /* PBXContainerItemProxy */;
		};
/* End PBXTargetDependency section */

/* Begin XCBuildConfiguration section */
		05188638E52DF4E6654554B4 /* Release */ = {
			isa = XCBuildConfiguration;
			buildSettings = {
				ALWAYS_SEARCH_USER_PATHS = NO;
				CLANG_ANALYZER_LOCALIZABILITY_NONLOCALIZED = YES;
				CLANG_ANALYZER_NONNULL = YES;
				CLANG_ANALYZER_NUMBER_OBJECT_CONVERSION = YES_AGGRESSIVE;
				CLANG_CXX_LANGUAGE_STANDARD = "gnu++14";
				CLANG_CXX_LIBRARY = "libc++";
				CLANG_ENABLE_MODULES = YES;
				CLANG_ENABLE_OBJC_ARC = YES;
				CLANG_ENABLE_OBJC_WEAK = YES;
				CLANG_WARN_BLOCK_CAPTURE_AUTORELEASING = YES;
				CLANG_WARN_BOOL_CONVERSION = YES;
				CLANG_WARN_COMMA = YES;
				CLANG_WARN_CONSTANT_CONVERSION = YES;
				CLANG_WARN_DEPRECATED_OBJC_IMPLEMENTATIONS = YES;
				CLANG_WARN_DIRECT_OBJC_ISA_USAGE = YES_ERROR;
				CLANG_WARN_DOCUMENTATION_COMMENTS = YES;
				CLANG_WARN_EMPTY_BODY = YES;
				CLANG_WARN_ENUM_CONVERSION = YES;
				CLANG_WARN_INFINITE_RECURSION = YES;
				CLANG_WARN_INT_CONVERSION = YES;
				CLANG_WARN_NON_LITERAL_NULL_CONVERSION = YES;
				CLANG_WARN_OBJC_IMPLICIT_RETAIN_SELF = YES;
				CLANG_WARN_OBJC_LITERAL_CONVERSION = YES;
				CLANG_WARN_OBJC_ROOT_CLASS = YES_ERROR;
				CLANG_WARN_QUOTED_INCLUDE_IN_FRAMEWORK_HEADER = YES;
				CLANG_WARN_RANGE_LOOP_ANALYSIS = YES;
				CLANG_WARN_STRICT_PROTOTYPES = YES;
				CLANG_WARN_SUSPICIOUS_MOVE = YES;
				CLANG_WARN_UNGUARDED_AVAILABILITY = YES_AGGRESSIVE;
				CLANG_WARN_UNREACHABLE_CODE = YES;
				CLANG_WARN__DUPLICATE_METHOD_MATCH = YES;
				COPY_PHASE_STRIP = NO;
				DEAD_CODE_STRIPPING = YES;
				DEBUG_INFORMATION_FORMAT = "dwarf-with-dsym";
				DEVELOPMENT_TEAM = "";
				ENABLE_NS_ASSERTIONS = NO;
				ENABLE_STRICT_OBJC_MSGSEND = YES;
				GCC_C_LANGUAGE_STANDARD = gnu11;
				GCC_NO_COMMON_BLOCKS = YES;
				GCC_WARN_64_TO_32_BIT_CONVERSION = YES;
				GCC_WARN_ABOUT_RETURN_TYPE = YES_ERROR;
				GCC_WARN_UNDECLARED_SELECTOR = YES;
				GCC_WARN_UNINITIALIZED_AUTOS = YES_AGGRESSIVE;
				GCC_WARN_UNUSED_FUNCTION = YES;
				GCC_WARN_UNUSED_VARIABLE = YES;
				MTL_ENABLE_DEBUG_INFO = NO;
				PRODUCT_NAME = "$(TARGET_NAME)";
				SWIFT_VERSION = 5.9;
				VALIDATE_PRODUCT = YES;
			};
			name = Release;
		};
		3F2E4DF7CA83B6B42346A1DB /* Release */ = {
			isa = XCBuildConfiguration;
			buildSettings = {
				ASSETCATALOG_COMPILER_APPICON_NAME = AppIcon;
				CODE_SIGN_IDENTITY = "iPhone Developer";
				CURRENT_PROJECT_VERSION = 1;
				DEVELOPMENT_TEAM = 5UGTTL8VT9;
				ENABLE_PREVIEWS = YES;
				INFOPLIST_FILE = "Derived/InfoPlists/Todoly-Info.plist";
				IPHONEOS_DEPLOYMENT_TARGET = 18.0;
				LD_RUNPATH_SEARCH_PATHS = (
					"$(inherited)",
					"@executable_path/Frameworks",
				);
				MARKETING_VERSION = 1.0.0;
				PRODUCT_BUNDLE_IDENTIFIER = com.todoly.app;
				PRODUCT_NAME = Todoly;
				SDKROOT = iphoneos;
				SUPPORTS_MACCATALYST = NO;
				SUPPORTS_MAC_DESIGNED_FOR_IPHONE_IPAD = YES;
				SUPPORTS_XR_DESIGNED_FOR_IPHONE_IPAD = NO;
				SWIFT_COMPILATION_MODE = wholemodule;
				SWIFT_OPTIMIZATION_LEVEL = "-Owholemodule";
				TARGETED_DEVICE_FAMILY = 1;
			};
			name = Release;
		};
		51709803BFBDDAEBAD8EA39E /* Debug */ = {
			isa = XCBuildConfiguration;
			buildSettings = {
				CODE_SIGN_IDENTITY = "iPhone Developer";
				CURRENT_PROJECT_VERSION = 1;
				DEVELOPMENT_TEAM = 5UGTTL8VT9;
				INFOPLIST_FILE = "Derived/InfoPlists/TodolyWidget-Info.plist";
				IPHONEOS_DEPLOYMENT_TARGET = 18.0;
				LD_RUNPATH_SEARCH_PATHS = (
					"$(inherited)",
					"@executable_path/Frameworks",
					"@executable_path/../../Frameworks",
				);
				MARKETING_VERSION = 1.0.0;
				PRODUCT_BUNDLE_IDENTIFIER = com.todoly.app.widget;
				PRODUCT_NAME = TodolyWidget;
				SDKROOT = iphoneos;
				SUPPORTS_MACCATALYST = NO;
				SUPPORTS_MAC_DESIGNED_FOR_IPHONE_IPAD = YES;
				SUPPORTS_XR_DESIGNED_FOR_IPHONE_IPAD = NO;
				SWIFT_ACTIVE_COMPILATION_CONDITIONS = DEBUG;
				SWIFT_COMPILATION_MODE = singlefile;
				SWIFT_OPTIMIZATION_LEVEL = "-Onone";
				TARGETED_DEVICE_FAMILY = 1;
			};
			name = Debug;
		};
		651222E9124F4DDD80B80F72 /* Debug */ = {
			isa = XCBuildConfiguration;
			buildSettings = {
				ALWAYS_SEARCH_USER_PATHS = NO;
				CLANG_ANALYZER_LOCALIZABILITY_NONLOCALIZED = YES;
				CLANG_ANALYZER_NONNULL = YES;
				CLANG_ANALYZER_NUMBER_OBJECT_CONVERSION = YES_AGGRESSIVE;
				CLANG_CXX_LANGUAGE_STANDARD = "gnu++14";
				CLANG_CXX_LIBRARY = "libc++";
				CLANG_ENABLE_MODULES = YES;
				CLANG_ENABLE_OBJC_ARC = YES;
				CLANG_ENABLE_OBJC_WEAK = YES;
				CLANG_WARN_BLOCK_CAPTURE_AUTORELEASING = YES;
				CLANG_WARN_BOOL_CONVERSION = YES;
				CLANG_WARN_COMMA = YES;
				CLANG_WARN_CONSTANT_CONVERSION = YES;
				CLANG_WARN_DEPRECATED_OBJC_IMPLEMENTATIONS = YES;
				CLANG_WARN_DIRECT_OBJC_ISA_USAGE = YES_ERROR;
				CLANG_WARN_DOCUMENTATION_COMMENTS = YES;
				CLANG_WARN_EMPTY_BODY = YES;
				CLANG_WARN_ENUM_CONVERSION = YES;
				CLANG_WARN_INFINITE_RECURSION = YES;
				CLANG_WARN_INT_CONVERSION = YES;
				CLANG_WARN_NON_LITERAL_NULL_CONVERSION = YES;
				CLANG_WARN_OBJC_IMPLICIT_RETAIN_SELF = YES;
				CLANG_WARN_OBJC_LITERAL_CONVERSION = YES;
				CLANG_WARN_OBJC_ROOT_CLASS = YES_ERROR;
				CLANG_WARN_QUOTED_INCLUDE_IN_FRAMEWORK_HEADER = YES;
				CLANG_WARN_RANGE_LOOP_ANALYSIS = YES;
				CLANG_WARN_STRICT_PROTOTYPES = YES;
				CLANG_WARN_SUSPICIOUS_MOVE = YES;
				CLANG_WARN_UNGUARDED_AVAILABILITY = YES_AGGRESSIVE;
				CLANG_WARN_UNREACHABLE_CODE = YES;
				CLANG_WARN__DUPLICATE_METHOD_MATCH = YES;
				COPY_PHASE_STRIP = NO;
				DEAD_CODE_STRIPPING = YES;
				DEBUG_INFORMATION_FORMAT = dwarf;
				DEVELOPMENT_TEAM = "";
				ENABLE_STRICT_OBJC_MSGSEND = YES;
				ENABLE_TESTABILITY = YES;
				GCC_C_LANGUAGE_STANDARD = gnu11;
				GCC_DYNAMIC_NO_PIC = NO;
				GCC_NO_COMMON_BLOCKS = YES;
				GCC_OPTIMIZATION_LEVEL = 0;
				GCC_PREPROCESSOR_DEFINITIONS = (
					"DEBUG=1",
					"$(inherited)",
				);
				GCC_WARN_64_TO_32_BIT_CONVERSION = YES;
				GCC_WARN_ABOUT_RETURN_TYPE = YES_ERROR;
				GCC_WARN_UNDECLARED_SELECTOR = YES;
				GCC_WARN_UNINITIALIZED_AUTOS = YES_AGGRESSIVE;
				GCC_WARN_UNUSED_FUNCTION = YES;
				GCC_WARN_UNUSED_VARIABLE = YES;
				MTL_ENABLE_DEBUG_INFO = YES;
				ONLY_ACTIVE_ARCH = YES;
				PRODUCT_NAME = "$(TARGET_NAME)";
				SWIFT_VERSION = 5.9;
			};
			name = Debug;
		};
		73CD620A5F2EDE875D9F6239 /* Debug */ = {
			isa = XCBuildConfiguration;
			buildSettings = {
				ASSETCATALOG_COMPILER_APPICON_NAME = AppIcon;
				CODE_SIGN_IDENTITY = "iPhone Developer";
				CURRENT_PROJECT_VERSION = 1;
				DEVELOPMENT_TEAM = 5UGTTL8VT9;
				ENABLE_PREVIEWS = YES;
				INFOPLIST_FILE = "Derived/InfoPlists/Todoly-Info.plist";
				IPHONEOS_DEPLOYMENT_TARGET = 18.0;
				LD_RUNPATH_SEARCH_PATHS = (
					"$(inherited)",
					"@executable_path/Frameworks",
				);
				MARKETING_VERSION = 1.0.0;
				PRODUCT_BUNDLE_IDENTIFIER = com.todoly.app;
				PRODUCT_NAME = Todoly;
				SDKROOT = iphoneos;
				SUPPORTS_MACCATALYST = NO;
				SUPPORTS_MAC_DESIGNED_FOR_IPHONE_IPAD = YES;
				SUPPORTS_XR_DESIGNED_FOR_IPHONE_IPAD = NO;
				SWIFT_ACTIVE_COMPILATION_CONDITIONS = DEBUG;
				SWIFT_COMPILATION_MODE = singlefile;
				SWIFT_OPTIMIZATION_LEVEL = "-Onone";
				TARGETED_DEVICE_FAMILY = 1;
			};
			name = Debug;
		};
		812F2A297CBE269E2615A60E /* Release */ = {
			isa = XCBuildConfiguration;
			buildSettings = {
				BUNDLE_LOADER = "$(TEST_HOST)";
				CODE_SIGN_IDENTITY = "iPhone Developer";
				DEVELOPMENT_TEAM = 5UGTTL8VT9;
				INFOPLIST_FILE = "Derived/InfoPlists/TodolyTests-Info.plist";
				IPHONEOS_DEPLOYMENT_TARGET = 18.0;
				LD_RUNPATH_SEARCH_PATHS = (
					"$(inherited)",
					"@executable_path/Frameworks",
					"@loader_path/Frameworks",
				);
				PRODUCT_BUNDLE_IDENTIFIER = com.todoly.app.tests;
				PRODUCT_NAME = TodolyTests;
				SDKROOT = iphoneos;
				SUPPORTS_MACCATALYST = NO;
				SUPPORTS_MAC_DESIGNED_FOR_IPHONE_IPAD = YES;
				SUPPORTS_XR_DESIGNED_FOR_IPHONE_IPAD = NO;
				SWIFT_COMPILATION_MODE = wholemodule;
				SWIFT_OPTIMIZATION_LEVEL = "-Owholemodule";
				TARGETED_DEVICE_FAMILY = 1;
				TEST_HOST = "$(BUILT_PRODUCTS_DIR)/Todoly.app/$(BUNDLE_EXECUTABLE_FOLDER_PATH)/Todoly";
				TEST_TARGET_NAME = Todoly;
			};
			name = Release;
		};
		CE1F5993C5112446725A45EA /* Release */ = {
			isa = XCBuildConfiguration;
			buildSettings = {
				CODE_SIGN_IDENTITY = "iPhone Developer";
				CURRENT_PROJECT_VERSION = 1;
				DEVELOPMENT_TEAM = 5UGTTL8VT9;
				INFOPLIST_FILE = "Derived/InfoPlists/TodolyWidget-Info.plist";
				IPHONEOS_DEPLOYMENT_TARGET = 18.0;
				LD_RUNPATH_SEARCH_PATHS = (
					"$(inherited)",
					"@executable_path/Frameworks",
					"@executable_path/../../Frameworks",
				);
				MARKETING_VERSION = 1.0.0;
				PRODUCT_BUNDLE_IDENTIFIER = com.todoly.app.widget;
				PRODUCT_NAME = TodolyWidget;
				SDKROOT = iphoneos;
				SUPPORTS_MACCATALYST = NO;
				SUPPORTS_MAC_DESIGNED_FOR_IPHONE_IPAD = YES;
				SUPPORTS_XR_DESIGNED_FOR_IPHONE_IPAD = NO;
				SWIFT_COMPILATION_MODE = wholemodule;
				SWIFT_OPTIMIZATION_LEVEL = "-Owholemodule";
				TARGETED_DEVICE_FAMILY = 1;
			};
			name = Release;
		};
		FFCFD4EE1F3DEB5611EE4B5C /* Debug */ = {
			isa = XCBuildConfiguration;
			buildSettings = {
				BUNDLE_LOADER = "$(TEST_HOST)";
				CODE_SIGN_IDENTITY = "iPhone Developer";
				DEVELOPMENT_TEAM = 5UGTTL8VT9;
				INFOPLIST_FILE = "Derived/InfoPlists/TodolyTests-Info.plist";
				IPHONEOS_DEPLOYMENT_TARGET = 18.0;
				LD_RUNPATH_SEARCH_PATHS = (
					"$(inherited)",
					"@executable_path/Frameworks",
					"@loader_path/Frameworks",
				);
				PRODUCT_BUNDLE_IDENTIFIER = com.todoly.app.tests;
				PRODUCT_NAME = TodolyTests;
				SDKROOT = iphoneos;
				SUPPORTS_MACCATALYST = NO;
				SUPPORTS_MAC_DESIGNED_FOR_IPHONE_IPAD = YES;
				SUPPORTS_XR_DESIGNED_FOR_IPHONE_IPAD = NO;
				SWIFT_ACTIVE_COMPILATION_CONDITIONS = DEBUG;
				SWIFT_COMPILATION_MODE = singlefile;
				SWIFT_OPTIMIZATION_LEVEL = "-Onone";
				TARGETED_DEVICE_FAMILY = 1;
				TEST_HOST = "$(BUILT_PRODUCTS_DIR)/Todoly.app/$(BUNDLE_EXECUTABLE_FOLDER_PATH)/Todoly";
				TEST_TARGET_NAME = Todoly;
			};
			name = Debug;
		};
/* End XCBuildConfiguration section */

/* Begin XCConfigurationList section */
		1A2A7A254197B7A7893DB6E2 /* Build configuration list for PBXNativeTarget "TodolyTests" */ = {
			isa = XCConfigurationList;
			buildConfigurations = (
				FFCFD4EE1F3DEB5611EE4B5C /* Debug */,
				812F2A297CBE269E2615A60E /* Release */,
			);
			defaultConfigurationIsVisible = 0;
			defaultConfigurationName = Release;
		};
		325B7AEB36B74C647C76BC71 /* Build configuration list for PBXNativeTarget "TodolyWidget" */ = {
			isa = XCConfigurationList;
			buildConfigurations = (
				51709803BFBDDAEBAD8EA39E /* Debug */,
				CE1F5993C5112446725A45EA /* Release */,
			);
			defaultConfigurationIsVisible = 0;
			defaultConfigurationName = Release;
		};
		754FAF1CDC447ABFD9B74099 /* Build configuration list for PBXNativeTarget "Todoly" */ = {
			isa = XCConfigurationList;
			buildConfigurations = (
				73CD620A5F2EDE875D9F6239 /* Debug */,
				3F2E4DF7CA83B6B42346A1DB /* Release */,
			);
			defaultConfigurationIsVisible = 0;
			defaultConfigurationName = Release;
		};
		F514DF48B0BC27C2483520ED /* Build configuration list for PBXProject "Todoly" */ = {
			isa = XCConfigurationList;
			buildConfigurations = (
				651222E9124F4DDD80B80F72 /* Debug */,
				05188638E52DF4E6654554B4 /* Release */,
			);
			defaultConfigurationIsVisible = 0;
			defaultConfigurationName = Release;
		};
/* End XCConfigurationList section */
	};
	rootObject = F7B0AD73DECCE68416E03BB2 /* Project object */;
}
